
Microsoft Visual Studio Solution File, Format Version 12.00
# Visual Studio Version 16
VisualStudioVersion = 16.0.30002.166
MinimumVisualStudioVersion = 10.0.40219.1
Project("{FAE04EC0-301F-11D3-BF4B-00C04F79EFBC}") = "IATCINDIAWEBAPI", "IATCINDIAWEBAPI.csproj", "{0168D338-A220-45B0-97EB-B07CF48DC6B6}"
EndProject
Global
	GlobalSection(SolutionConfigurationPlatforms) = preSolution
		Debug|Any CPU = Debug|Any CPU
		Release|Any CPU = Release|Any CPU
	EndGlobalSection
	GlobalSection(ProjectConfigurationPlatforms) = postSolution
		{0168D338-A220-45B0-97EB-B07CF48DC6B6}.Debug|Any CPU.ActiveCfg = Debug|Any CPU
		{0168D338-A220-45B0-97EB-B07CF48DC6B6}.Debug|Any CPU.Build.0 = Debug|Any CPU
		{0168D338-A220-45B0-97EB-B07CF48DC6B6}.Release|Any CPU.ActiveCfg = Release|Any CPU
		{0168D338-A220-45B0-97EB-B07CF48DC6B6}.Release|Any CPU.Build.0 = Release|Any CPU
	EndGlobalSection
	GlobalSection(SolutionProperties) = preSolution
		HideSolutionNode = FALSE
	EndGlobalSection
	GlobalSection(ExtensibilityGlobals) = postSolution
		SolutionGuid = {1B06C701-9012-49A6-B99D-EB1395EF5FDB}
	EndGlobalSection
EndGlobal
