
Microsoft Visual Studio Solution File, Format Version 12.00
# Visual Studio Version 16
VisualStudioVersion = 16.0.30002.166
MinimumVisualStudioVersion = 10.0.40219.1
Project("{FAE04EC0-301F-11D3-BF4B-00C04F79EFBC}") = "IATCINDIA.API", "IATCINDIA.API.csproj", "{D372AFB6-D0A0-419D-9CC3-24D3875B1676}"
EndProject
Project("{FAE04EC0-301F-11D3-BF4B-00C04F79EFBC}") = "IATCINDIA.DOMAIN", "..\IATCINDIA.DOMAIN\IATCINDIA.DOMAIN.csproj", "{4418E81F-C146-41AB-972C-900163E45D19}"
EndProject
Project("{FAE04EC0-301F-11D3-BF4B-00C04F79EFBC}") = "IATCINDIA.DATA", "..\IATCINDIA.DATA\IATCINDIA.DATA.csproj", "{E953FE05-5354-4896-BE0E-32D94EF34170}"
EndProject
Project("{FAE04EC0-301F-11D3-BF4B-00C04F79EFBC}") = "IATCINDIA.APPLICATION", "..\IATCINDIA.APPLICATION\IATCINDIA.APPLICATION.csproj", "{916BC04D-2F99-47EE-B6D8-8A617DA194CE}"
EndProject
Project("{FAE04EC0-301F-11D3-BF4B-00C04F79EFBC}") = "IATCINDIA.IOC", "..\IATCINDIA.IOC\IATCINDIA.IOC.csproj", "{7A0CB26B-2F6F-49FE-BB45-59F99C6657D5}"
EndProject
Project("{2150E333-8FDC-42A3-9474-1A3956D46DE8}") = "Application", "Application", "{234ADF85-A59F-4DB2-85D9-51DD750BD154}"
EndProject
Project("{2150E333-8FDC-42A3-9474-1A3956D46DE8}") = "Testing", "Testing", "{FF529FC4-D627-488F-9B0F-68B62C58796D}"
EndProject
Project("{FAE04EC0-301F-11D3-BF4B-00C04F79EFBC}") = "IATCINDIA.MIDDLEWARE", "..\IATCINDIA.MIDDLEWARE\IATCINDIA.MIDDLEWARE.csproj", "{287BD136-9ACB-4B76-9E7A-92AEAD5C5685}"
EndProject
Global
	GlobalSection(SolutionConfigurationPlatforms) = preSolution
		Debug|Any CPU = Debug|Any CPU
		Release|Any CPU = Release|Any CPU
	EndGlobalSection
	GlobalSection(ProjectConfigurationPlatforms) = postSolution
		{D372AFB6-D0A0-419D-9CC3-24D3875B1676}.Debug|Any CPU.ActiveCfg = Debug|Any CPU
		{D372AFB6-D0A0-419D-9CC3-24D3875B1676}.Debug|Any CPU.Build.0 = Debug|Any CPU
		{D372AFB6-D0A0-419D-9CC3-24D3875B1676}.Release|Any CPU.ActiveCfg = Release|Any CPU
		{D372AFB6-D0A0-419D-9CC3-24D3875B1676}.Release|Any CPU.Build.0 = Release|Any CPU
		{4418E81F-C146-41AB-972C-900163E45D19}.Debug|Any CPU.ActiveCfg = Debug|Any CPU
		{4418E81F-C146-41AB-972C-900163E45D19}.Debug|Any CPU.Build.0 = Debug|Any CPU
		{4418E81F-C146-41AB-972C-900163E45D19}.Release|Any CPU.ActiveCfg = Release|Any CPU
		{4418E81F-C146-41AB-972C-900163E45D19}.Release|Any CPU.Build.0 = Release|Any CPU
		{E953FE05-5354-4896-BE0E-32D94EF34170}.Debug|Any CPU.ActiveCfg = Debug|Any CPU
		{E953FE05-5354-4896-BE0E-32D94EF34170}.Debug|Any CPU.Build.0 = Debug|Any CPU
		{E953FE05-5354-4896-BE0E-32D94EF34170}.Release|Any CPU.ActiveCfg = Release|Any CPU
		{E953FE05-5354-4896-BE0E-32D94EF34170}.Release|Any CPU.Build.0 = Release|Any CPU
		{916BC04D-2F99-47EE-B6D8-8A617DA194CE}.Debug|Any CPU.ActiveCfg = Debug|Any CPU
		{916BC04D-2F99-47EE-B6D8-8A617DA194CE}.Debug|Any CPU.Build.0 = Debug|Any CPU
		{916BC04D-2F99-47EE-B6D8-8A617DA194CE}.Release|Any CPU.ActiveCfg = Release|Any CPU
		{916BC04D-2F99-47EE-B6D8-8A617DA194CE}.Release|Any CPU.Build.0 = Release|Any CPU
		{7A0CB26B-2F6F-49FE-BB45-59F99C6657D5}.Debug|Any CPU.ActiveCfg = Debug|Any CPU
		{7A0CB26B-2F6F-49FE-BB45-59F99C6657D5}.Debug|Any CPU.Build.0 = Debug|Any CPU
		{7A0CB26B-2F6F-49FE-BB45-59F99C6657D5}.Release|Any CPU.ActiveCfg = Release|Any CPU
		{7A0CB26B-2F6F-49FE-BB45-59F99C6657D5}.Release|Any CPU.Build.0 = Release|Any CPU
		{287BD136-9ACB-4B76-9E7A-92AEAD5C5685}.Debug|Any CPU.ActiveCfg = Debug|Any CPU
		{287BD136-9ACB-4B76-9E7A-92AEAD5C5685}.Debug|Any CPU.Build.0 = Debug|Any CPU
		{287BD136-9ACB-4B76-9E7A-92AEAD5C5685}.Release|Any CPU.ActiveCfg = Release|Any CPU
		{287BD136-9ACB-4B76-9E7A-92AEAD5C5685}.Release|Any CPU.Build.0 = Release|Any CPU
	EndGlobalSection
	GlobalSection(SolutionProperties) = preSolution
		HideSolutionNode = FALSE
	EndGlobalSection
	GlobalSection(NestedProjects) = preSolution
		{D372AFB6-D0A0-419D-9CC3-24D3875B1676} = {234ADF85-A59F-4DB2-85D9-51DD750BD154}
		{4418E81F-C146-41AB-972C-900163E45D19} = {234ADF85-A59F-4DB2-85D9-51DD750BD154}
		{E953FE05-5354-4896-BE0E-32D94EF34170} = {234ADF85-A59F-4DB2-85D9-51DD750BD154}
		{916BC04D-2F99-47EE-B6D8-8A617DA194CE} = {234ADF85-A59F-4DB2-85D9-51DD750BD154}
		{7A0CB26B-2F6F-49FE-BB45-59F99C6657D5} = {234ADF85-A59F-4DB2-85D9-51DD750BD154}
		{287BD136-9ACB-4B76-9E7A-92AEAD5C5685} = {234ADF85-A59F-4DB2-85D9-51DD750BD154}
	EndGlobalSection
	GlobalSection(ExtensibilityGlobals) = postSolution
		SolutionGuid = {44264E17-E97D-4410-B94B-948E9CCBA604}
	EndGlobalSection
EndGlobal
