
Microsoft Visual Studio Solution File, Format Version 12.00
# Visual Studio Version 16
VisualStudioVersion = 16.0.30002.166
MinimumVisualStudioVersion = 10.0.40219.1
Project("{FAE04EC0-301F-11D3-BF4B-00C04F79EFBC}") = "IATCINDIA.WEBAPP", "IATCINDIA.WEBAPP.csproj", "{D142B15A-AE7F-47BB-B8C8-20C94035FD1D}"
EndProject
Project("{9A19103F-16F7-4668-BE54-9A1E7A4F7556}") = "IATCINDIA.APPLICATION", "..\IATCINDIA.APPLICATION\IATCINDIA.APPLICATION.csproj", "{AF1A3729-287B-4CF3-8040-9284A3B10884}"
EndProject
Project("{9A19103F-16F7-4668-BE54-9A1E7A4F7556}") = "IATCINDIA.DATA", "..\IATCINDIA.DATA\IATCINDIA.DATA.csproj", "{25D68C13-D7D7-4595-A102-290912CFE3D6}"
EndProject
Project("{9A19103F-16F7-4668-BE54-9A1E7A4F7556}") = "IATCINDIA.DOMAIN", "..\IATCINDIA.DOMAIN\IATCINDIA.DOMAIN.csproj", "{377B5B4B-8D5B-4A2B-9597-A0D405287992}"
EndProject
Project("{9A19103F-16F7-4668-BE54-9A1E7A4F7556}") = "IATCINDIA.IOC", "..\IATCINDIA.IOC\IATCINDIA.IOC.csproj", "{1795C2BA-664D-4513-ADC9-0C0002F07F87}"
EndProject
Project("{9A19103F-16F7-4668-BE54-9A1E7A4F7556}") = "IATCINDIA.MIDDLEWARE", "..\IATCINDIA.MIDDLEWARE\IATCINDIA.MIDDLEWARE.csproj", "{8CF8B34A-FA55-441A-92C2-D8D97765A512}"
EndProject
Global
	GlobalSection(SolutionConfigurationPlatforms) = preSolution
		Debug|Any CPU = Debug|Any CPU
		Release|Any CPU = Release|Any CPU
	EndGlobalSection
	GlobalSection(ProjectConfigurationPlatforms) = postSolution
		{D142B15A-AE7F-47BB-B8C8-20C94035FD1D}.Debug|Any CPU.ActiveCfg = Debug|Any CPU
		{D142B15A-AE7F-47BB-B8C8-20C94035FD1D}.Debug|Any CPU.Build.0 = Debug|Any CPU
		{D142B15A-AE7F-47BB-B8C8-20C94035FD1D}.Release|Any CPU.ActiveCfg = Release|Any CPU
		{D142B15A-AE7F-47BB-B8C8-20C94035FD1D}.Release|Any CPU.Build.0 = Release|Any CPU
		{AF1A3729-287B-4CF3-8040-9284A3B10884}.Debug|Any CPU.ActiveCfg = Debug|Any CPU
		{AF1A3729-287B-4CF3-8040-9284A3B10884}.Debug|Any CPU.Build.0 = Debug|Any CPU
		{AF1A3729-287B-4CF3-8040-9284A3B10884}.Release|Any CPU.ActiveCfg = Release|Any CPU
		{AF1A3729-287B-4CF3-8040-9284A3B10884}.Release|Any CPU.Build.0 = Release|Any CPU
		{25D68C13-D7D7-4595-A102-290912CFE3D6}.Debug|Any CPU.ActiveCfg = Debug|Any CPU
		{25D68C13-D7D7-4595-A102-290912CFE3D6}.Debug|Any CPU.Build.0 = Debug|Any CPU
		{25D68C13-D7D7-4595-A102-290912CFE3D6}.Release|Any CPU.ActiveCfg = Release|Any CPU
		{25D68C13-D7D7-4595-A102-290912CFE3D6}.Release|Any CPU.Build.0 = Release|Any CPU
		{377B5B4B-8D5B-4A2B-9597-A0D405287992}.Debug|Any CPU.ActiveCfg = Debug|Any CPU
		{377B5B4B-8D5B-4A2B-9597-A0D405287992}.Debug|Any CPU.Build.0 = Debug|Any CPU
		{377B5B4B-8D5B-4A2B-9597-A0D405287992}.Release|Any CPU.ActiveCfg = Release|Any CPU
		{377B5B4B-8D5B-4A2B-9597-A0D405287992}.Release|Any CPU.Build.0 = Release|Any CPU
		{1795C2BA-664D-4513-ADC9-0C0002F07F87}.Debug|Any CPU.ActiveCfg = Debug|Any CPU
		{1795C2BA-664D-4513-ADC9-0C0002F07F87}.Debug|Any CPU.Build.0 = Debug|Any CPU
		{1795C2BA-664D-4513-ADC9-0C0002F07F87}.Release|Any CPU.ActiveCfg = Release|Any CPU
		{1795C2BA-664D-4513-ADC9-0C0002F07F87}.Release|Any CPU.Build.0 = Release|Any CPU
		{8CF8B34A-FA55-441A-92C2-D8D97765A512}.Debug|Any CPU.ActiveCfg = Debug|Any CPU
		{8CF8B34A-FA55-441A-92C2-D8D97765A512}.Debug|Any CPU.Build.0 = Debug|Any CPU
		{8CF8B34A-FA55-441A-92C2-D8D97765A512}.Release|Any CPU.ActiveCfg = Release|Any CPU
		{8CF8B34A-FA55-441A-92C2-D8D97765A512}.Release|Any CPU.Build.0 = Release|Any CPU
	EndGlobalSection
	GlobalSection(SolutionProperties) = preSolution
		HideSolutionNode = FALSE
	EndGlobalSection
	GlobalSection(ExtensibilityGlobals) = postSolution
		SolutionGuid = {DB15D84D-9FB9-44E9-92AF-D62BAC56A447}
	EndGlobalSection
EndGlobal
